// !$*UTF8*$!
{
	archiveVersion = 1;
	classes = {
	};
	objectVersion = 56;
	objects = {

/* Begin PBXBuildFile section */
		DC64157A2BE5514D00582EFB /* EmmetApp.swift in Sources */ = {isa = PBXBuildFile; fileRef = DC6415792BE5514D00582EFB /* EmmetApp.swift */; };
		DC64157E2BE5514E00582EFB /* Assets.xcassets in Resources */ = {isa = PBXBuildFile; fileRef = DC64157D2BE5514E00582EFB /* Assets.xcassets */; };
		DC6415822BE5514E00582EFB /* Preview Assets.xcassets in Resources */ = {isa = PBXBuildFile; fileRef = DC6415812BE5514E00582EFB /* Preview Assets.xcassets */; };
		DC6415DE2BE5546100582EFB /* ItineraryView.swift in Sources */ = {isa = PBXBuildFile; fileRef = DC6415DD2BE5546100582EFB /* ItineraryView.swift */; };
		DC6415E12BE5551900582EFB /* EventRowView.swift in Sources */ = {isa = PBXBuildFile; fileRef = DC6415E02BE5551900582EFB /* EventRowView.swift */; };
		DC6415E32BE5552700582EFB /* EventAddView.swift in Sources */ = {isa = PBXBuildFile; fileRef = DC6415E22BE5552700582EFB /* EventAddView.swift */; };
		DC6415E52BE5553400582EFB /* EventEditView.swift in Sources */ = {isa = PBXBuildFile; fileRef = DC6415E42BE5553400582EFB /* EventEditView.swift */; };
		DC6415E72BE5554700582EFB /* EventDetailView.swift in Sources */ = {isa = PBXBuildFile; fileRef = DC6415E62BE5554700582EFB /* EventDetailView.swift */; };
		DC6415E92BE5555000582EFB /* DocumentView.swift in Sources */ = {isa = PBXBuildFile; fileRef = DC6415E82BE5555000582EFB /* DocumentView.swift */; };
		DC6415EB2BE5555900582EFB /* ExplorerView.swift in Sources */ = {isa = PBXBuildFile; fileRef = DC6415EA2BE5555900582EFB /* ExplorerView.swift */; };
		DC6415ED2BE5556500582EFB /* CountryRowView.swift in Sources */ = {isa = PBXBuildFile; fileRef = DC6415EC2BE5556500582EFB /* CountryRowView.swift */; };
		DC6415EF2BE5557900582EFB /* CountryDetailView.swift in Sources */ = {isa = PBXBuildFile; fileRef = DC6415EE2BE5557900582EFB /* CountryDetailView.swift */; };
		DC6415F12BE5558300582EFB /* MapView.swift in Sources */ = {isa = PBXBuildFile; fileRef = DC6415F02BE5558300582EFB /* MapView.swift */; };
		DC6415F32BE5558C00582EFB /* MapSearchView.swift in Sources */ = {isa = PBXBuildFile; fileRef = DC6415F22BE5558C00582EFB /* MapSearchView.swift */; };
		DC6415F52BE5559D00582EFB /* DataController.swift in Sources */ = {isa = PBXBuildFile; fileRef = DC6415F42BE5559D00582EFB /* DataController.swift */; };
		DC6415FB2BE556C400582EFB /* CountryInfo.swift in Sources */ = {isa = PBXBuildFile; fileRef = DC6415FA2BE556C400582EFB /* CountryInfo.swift */; };
		DC6415FE2BE556E900582EFB /* CountryRegion.swift in Sources */ = {isa = PBXBuildFile; fileRef = DC6415FD2BE556E900582EFB /* CountryRegion.swift */; };
		DC6416002BE556F300582EFB /* LocationManager.swift in Sources */ = {isa = PBXBuildFile; fileRef = DC6415FF2BE556F300582EFB /* LocationManager.swift */; };
		DC6416022BE556FC00582EFB /* BinaryDocument.swift in Sources */ = {isa = PBXBuildFile; fileRef = DC6416012BE556FC00582EFB /* BinaryDocument.swift */; };
		DC6416042BE5570500582EFB /* ImagePickerView.swift in Sources */ = {isa = PBXBuildFile; fileRef = DC6416032BE5570500582EFB /* ImagePickerView.swift */; };
		DC6416062BE5570D00582EFB /* Utils.swift in Sources */ = {isa = PBXBuildFile; fileRef = DC6416052BE5570D00582EFB /* Utils.swift */; };
		DC6416082BE5571400582EFB /* TimezoneHelper.swift in Sources */ = {isa = PBXBuildFile; fileRef = DC6416072BE5571400582EFB /* TimezoneHelper.swift */; };
		DC64160A2BE5572600582EFB /* Settings.bundle in Resources */ = {isa = PBXBuildFile; fileRef = DC6416092BE5572600582EFB /* Settings.bundle */; };
		DC7F0A912BE56244006FE2ED /* Database.xcdatamodeld in Sources */ = {isa = PBXBuildFile; fileRef = DC7F0A8F2BE56244006FE2ED /* Database.xcdatamodeld */; };
/* End PBXBuildFile section */

/* Begin PBXFileReference section */
		DC6415762BE5514D00582EFB /* Emmet.app */ = {isa = PBXFileReference; explicitFileType = wrapper.application; includeInIndex = 0; path = Emmet.app; sourceTree = BUILT_PRODUCTS_DIR; };
		DC6415792BE5514D00582EFB /* EmmetApp.swift */ = {isa = PBXFileReference; lastKnownFileType = sourcecode.swift; path = EmmetApp.swift; sourceTree = "<group>"; };
		DC64157D2BE5514E00582EFB /* Assets.xcassets */ = {isa = PBXFileReference; lastKnownFileType = folder.assetcatalog; path = Assets.xcassets; sourceTree = "<group>"; };
		DC64157F2BE5514E00582EFB /* Emmet.entitlements */ = {isa = PBXFileReference; lastKnownFileType = text.plist.entitlements; path = Emmet.entitlements; sourceTree = "<group>"; };
		DC6415812BE5514E00582EFB /* Preview Assets.xcassets */ = {isa = PBXFileReference; lastKnownFileType = folder.assetcatalog; path = "Preview Assets.xcassets"; sourceTree = "<group>"; };
		DC6415DC2BE553F400582EFB /* Info.plist */ = {isa = PBXFileReference; lastKnownFileType = text.plist; path = Info.plist; sourceTree = "<group>"; };
		DC6415DD2BE5546100582EFB /* ItineraryView.swift */ = {isa = PBXFileReference; lastKnownFileType = sourcecode.swift; path = ItineraryView.swift; sourceTree = "<group>"; };
		DC6415E02BE5551900582EFB /* EventRowView.swift */ = {isa = PBXFileReference; lastKnownFileType = sourcecode.swift; path = EventRowView.swift; sourceTree = "<group>"; };
		DC6415E22BE5552700582EFB /* EventAddView.swift */ = {isa = PBXFileReference; lastKnownFileType = sourcecode.swift; path = EventAddView.swift; sourceTree = "<group>"; };
		DC6415E42BE5553400582EFB /* EventEditView.swift */ = {isa = PBXFileReference; lastKnownFileType = sourcecode.swift; path = EventEditView.swift; sourceTree = "<group>"; };
		DC6415E62BE5554700582EFB /* EventDetailView.swift */ = {isa = PBXFileReference; lastKnownFileType = sourcecode.swift; path = EventDetailView.swift; sourceTree = "<group>"; };
		DC6415E82BE5555000582EFB /* DocumentView.swift */ = {isa = PBXFileReference; lastKnownFileType = sourcecode.swift; path = DocumentView.swift; sourceTree = "<group>"; };
		DC6415EA2BE5555900582EFB /* ExplorerView.swift */ = {isa = PBXFileReference; lastKnownFileType = sourcecode.swift; path = ExplorerView.swift; sourceTree = "<group>"; };
		DC6415EC2BE5556500582EFB /* CountryRowView.swift */ = {isa = PBXFileReference; lastKnownFileType = sourcecode.swift; path = CountryRowView.swift; sourceTree = "<group>"; };
		DC6415EE2BE5557900582EFB /* CountryDetailView.swift */ = {isa = PBXFileReference; lastKnownFileType = sourcecode.swift; path = CountryDetailView.swift; sourceTree = "<group>"; };
		DC6415F02BE5558300582EFB /* MapView.swift */ = {isa = PBXFileReference; lastKnownFileType = sourcecode.swift; path = MapView.swift; sourceTree = "<group>"; };
		DC6415F22BE5558C00582EFB /* MapSearchView.swift */ = {isa = PBXFileReference; lastKnownFileType = sourcecode.swift; path = MapSearchView.swift; sourceTree = "<group>"; };
		DC6415F42BE5559D00582EFB /* DataController.swift */ = {isa = PBXFileReference; lastKnownFileType = sourcecode.swift; path = DataController.swift; sourceTree = "<group>"; };
		DC6415FA2BE556C400582EFB /* CountryInfo.swift */ = {isa = PBXFileReference; lastKnownFileType = sourcecode.swift; path = CountryInfo.swift; sourceTree = "<group>"; };
		DC6415FD2BE556E900582EFB /* CountryRegion.swift */ = {isa = PBXFileReference; lastKnownFileType = sourcecode.swift; path = CountryRegion.swift; sourceTree = "<group>"; };
		DC6415FF2BE556F300582EFB /* LocationManager.swift */ = {isa = PBXFileReference; lastKnownFileType = sourcecode.swift; path = LocationManager.swift; sourceTree = "<group>"; };
		DC6416012BE556FC00582EFB /* BinaryDocument.swift */ = {isa = PBXFileReference; lastKnownFileType = sourcecode.swift; path = BinaryDocument.swift; sourceTree = "<group>"; };
		DC6416032BE5570500582EFB /* ImagePickerView.swift */ = {isa = PBXFileReference; lastKnownFileType = sourcecode.swift; path = ImagePickerView.swift; sourceTree = "<group>"; };
		DC6416052BE5570D00582EFB /* Utils.swift */ = {isa = PBXFileReference; lastKnownFileType = sourcecode.swift; path = Utils.swift; sourceTree = "<group>"; };
		DC6416072BE5571400582EFB /* TimezoneHelper.swift */ = {isa = PBXFileReference; lastKnownFileType = sourcecode.swift; path = TimezoneHelper.swift; sourceTree = "<group>"; };
		DC6416092BE5572600582EFB /* Settings.bundle */ = {isa = PBXFileReference; lastKnownFileType = "wrapper.plug-in"; path = Settings.bundle; sourceTree = "<group>"; };
		DC7F0A902BE56244006FE2ED /* Database.xcdatamodel */ = {isa = PBXFileReference; lastKnownFileType = wrapper.xcdatamodel; path = Database.xcdatamodel; sourceTree = "<group>"; };
/* End PBXFileReference section */

/* Begin PBXFrameworksBuildPhase section */
		DC6415732BE5514D00582EFB /* Frameworks */ = {
			isa = PBXFrameworksBuildPhase;
			buildActionMask = 2147483647;
			files = (
			);
			runOnlyForDeploymentPostprocessing = 0;
		};
/* End PBXFrameworksBuildPhase section */

/* Begin PBXGroup section */
		DC64156D2BE5514C00582EFB = {
			isa = PBXGroup;
			children = (
				DC6415782BE5514D00582EFB /* Emmet */,
				DC6415772BE5514D00582EFB /* Products */,
			);
			sourceTree = "<group>";
		};
		DC6415772BE5514D00582EFB /* Products */ = {
			isa = PBXGroup;
			children = (
				DC6415762BE5514D00582EFB /* Emmet.app */,
			);
			name = Products;
			sourceTree = "<group>";
		};
		DC6415782BE5514D00582EFB /* Emmet */ = {
			isa = PBXGroup;
			children = (
				DC6415DC2BE553F400582EFB /* Info.plist */,
				DC64157F2BE5514E00582EFB /* Emmet.entitlements */,
				DC6415792BE5514D00582EFB /* EmmetApp.swift */,
				DC6415DF2BE5546C00582EFB /* Views */,
				DC6415F62BE555AA00582EFB /* Data */,
				DC6415FC2BE556D400582EFB /* Helpers */,
				DC6416092BE5572600582EFB /* Settings.bundle */,
				DC64157D2BE5514E00582EFB /* Assets.xcassets */,
				DC6415802BE5514E00582EFB /* Preview Content */,
			);
			path = Emmet;
			sourceTree = "<group>";
		};
		DC6415802BE5514E00582EFB /* Preview Content */ = {
			isa = PBXGroup;
			children = (
				DC6415812BE5514E00582EFB /* Preview Assets.xcassets */,
			);
			path = "Preview Content";
			sourceTree = "<group>";
		};
		DC6415DF2BE5546C00582EFB /* Views */ = {
			isa = PBXGroup;
			children = (
				DC6415DD2BE5546100582EFB /* ItineraryView.swift */,
				DC6415E02BE5551900582EFB /* EventRowView.swift */,
				DC6415E22BE5552700582EFB /* EventAddView.swift */,
				DC6415E42BE5553400582EFB /* EventEditView.swift */,
				DC6415E62BE5554700582EFB /* EventDetailView.swift */,
				DC6415E82BE5555000582EFB /* DocumentView.swift */,
				DC6415EA2BE5555900582EFB /* ExplorerView.swift */,
				DC6415EC2BE5556500582EFB /* CountryRowView.swift */,
				DC6415EE2BE5557900582EFB /* CountryDetailView.swift */,
				DC6415F02BE5558300582EFB /* MapView.swift */,
				DC6415F22BE5558C00582EFB /* MapSearchView.swift */,
			);
			path = Views;
			sourceTree = "<group>";
		};
		DC6415F62BE555AA00582EFB /* Data */ = {
			isa = PBXGroup;
			children = (
				DC7F0A8F2BE56244006FE2ED /* Database.xcdatamodeld */,
				DC6415F42BE5559D00582EFB /* DataController.swift */,
			);
			path = Data;
			sourceTree = "<group>";
		};
		DC6415FC2BE556D400582EFB /* Helpers */ = {
			isa = PBXGroup;
			children = (
				DC6415FA2BE556C400582EFB /* CountryInfo.swift */,
				DC6415FD2BE556E900582EFB /* CountryRegion.swift */,
				DC6415FF2BE556F300582EFB /* LocationManager.swift */,
				DC6416012BE556FC00582EFB /* BinaryDocument.swift */,
				DC6416032BE5570500582EFB /* ImagePickerView.swift */,
				DC6416052BE5570D00582EFB /* Utils.swift */,
				DC6416072BE5571400582EFB /* TimezoneHelper.swift */,
			);
			path = Helpers;
			sourceTree = "<group>";
		};
/* End PBXGroup section */

/* Begin PBXNativeTarget section */
		DC6415752BE5514D00582EFB /* Emmet */ = {
			isa = PBXNativeTarget;
			buildConfigurationList = DC6415852BE5514E00582EFB /* Build configuration list for PBXNativeTarget "Emmet" */;
			buildPhases = (
				DC6415722BE5514D00582EFB /* Sources */,
				DC6415732BE5514D00582EFB /* Frameworks */,
				DC6415742BE5514D00582EFB /* Resources */,
			);
			buildRules = (
			);
			dependencies = (
			);
			name = Emmet;
			productName = Emmet;
			productReference = DC6415762BE5514D00582EFB /* Emmet.app */;
			productType = "com.apple.product-type.application";
		};
/* End PBXNativeTarget section */

/* Begin PBXProject section */
		DC64156E2BE5514C00582EFB /* Project object */ = {
			isa = PBXProject;
			attributes = {
				BuildIndependentTargetsInParallel = 1;
				LastSwiftUpdateCheck = 1530;
				LastUpgradeCheck = 1530;
				TargetAttributes = {
					DC6415752BE5514D00582EFB = {
						CreatedOnToolsVersion = 15.3;
					};
				};
			};
			buildConfigurationList = DC6415712BE5514C00582EFB /* Build configuration list for PBXProject "Emmet" */;
			compatibilityVersion = "Xcode 14.0";
			developmentRegion = en;
			hasScannedForEncodings = 0;
			knownRegions = (
				en,
				Base,
			);
			mainGroup = DC64156D2BE5514C00582EFB;
			productRefGroup = DC6415772BE5514D00582EFB /* Products */;
			projectDirPath = "";
			projectRoot = "";
			targets = (
				DC6415752BE5514D00582EFB /* Emmet */,
			);
		};
/* End PBXProject section */

/* Begin PBXResourcesBuildPhase section */
		DC6415742BE5514D00582EFB /* Resources */ = {
			isa = PBXResourcesBuildPhase;
			buildActionMask = 2147483647;
			files = (
				DC6415822BE5514E00582EFB /* Preview Assets.xcassets in Resources */,
				DC64160A2BE5572600582EFB /* Settings.bundle in Resources */,
				DC64157E2BE5514E00582EFB /* Assets.xcassets in Resources */,
			);
			runOnlyForDeploymentPostprocessing = 0;
		};
/* End PBXResourcesBuildPhase section */

/* Begin PBXSourcesBuildPhase section */
		DC6415722BE5514D00582EFB /* Sources */ = {
			isa = PBXSourcesBuildPhase;
			buildActionMask = 2147483647;
			files = (
				DC6416002BE556F300582EFB /* LocationManager.swift in Sources */,
				DC6415E12BE5551900582EFB /* EventRowView.swift in Sources */,
				DC6415EB2BE5555900582EFB /* ExplorerView.swift in Sources */,
				DC6415DE2BE5546100582EFB /* ItineraryView.swift in Sources */,
				DC6416082BE5571400582EFB /* TimezoneHelper.swift in Sources */,
				DC6415F12BE5558300582EFB /* MapView.swift in Sources */,
				DC6415E72BE5554700582EFB /* EventDetailView.swift in Sources */,
				DC7F0A912BE56244006FE2ED /* Database.xcdatamodeld in Sources */,
				DC6416022BE556FC00582EFB /* BinaryDocument.swift in Sources */,
				DC6415FE2BE556E900582EFB /* CountryRegion.swift in Sources */,
				DC6415F32BE5558C00582EFB /* MapSearchView.swift in Sources */,
				DC6415EF2BE5557900582EFB /* CountryDetailView.swift in Sources */,
				DC6415FB2BE556C400582EFB /* CountryInfo.swift in Sources */,
				DC64157A2BE5514D00582EFB /* EmmetApp.swift in Sources */,
				DC6415ED2BE5556500582EFB /* CountryRowView.swift in Sources */,
				DC6415E52BE5553400582EFB /* EventEditView.swift in Sources */,
				DC6416062BE5570D00582EFB /* Utils.swift in Sources */,
				DC6415E32BE5552700582EFB /* EventAddView.swift in Sources */,
				DC6415F52BE5559D00582EFB /* DataController.swift in Sources */,
				DC6415E92BE5555000582EFB /* DocumentView.swift in Sources */,
				DC6416042BE5570500582EFB /* ImagePickerView.swift in Sources */,
			);
			runOnlyForDeploymentPostprocessing = 0;
		};
/* End PBXSourcesBuildPhase section */

/* Begin XCBuildConfiguration section */
		DC6415832BE5514E00582EFB /* Debug */ = {
			isa = XCBuildConfiguration;
			buildSettings = {
				ALWAYS_SEARCH_USER_PATHS = NO;
				ASSETCATALOG_COMPILER_GENERATE_SWIFT_ASSET_SYMBOL_EXTENSIONS = YES;
				CLANG_ANALYZER_NONNULL = YES;
				CLANG_ANALYZER_NUMBER_OBJECT_CONVERSION = YES_AGGRESSIVE;
				CLANG_CXX_LANGUAGE_STANDARD = "gnu++20";
				CLANG_ENABLE_MODULES = YES;
				CLANG_ENABLE_OBJC_ARC = YES;
				CLANG_ENABLE_OBJC_WEAK = YES;
				CLANG_WARN_BLOCK_CAPTURE_AUTORELEASING = YES;
				CLANG_WARN_BOOL_CONVERSION = YES;
				CLANG_WARN_COMMA = YES;
				CLANG_WARN_CONSTANT_CONVERSION = YES;
				CLANG_WARN_DEPRECATED_OBJC_IMPLEMENTATIONS = YES;
				CLANG_WARN_DIRECT_OBJC_ISA_USAGE = YES_ERROR;
				CLANG_WARN_DOCUMENTATION_COMMENTS = YES;
				CLANG_WARN_EMPTY_BODY = YES;
				CLANG_WARN_ENUM_CONVERSION = YES;
				CLANG_WARN_INFINITE_RECURSION = YES;
				CLANG_WARN_INT_CONVERSION = YES;
				CLANG_WARN_NON_LITERAL_NULL_CONVERSION = YES;
				CLANG_WARN_OBJC_IMPLICIT_RETAIN_SELF = YES;
				CLANG_WARN_OBJC_LITERAL_CONVERSION = YES;
				CLANG_WARN_OBJC_ROOT_CLASS = YES_ERROR;
				CLANG_WARN_QUOTED_INCLUDE_IN_FRAMEWORK_HEADER = YES;
				CLANG_WARN_RANGE_LOOP_ANALYSIS = YES;
				CLANG_WARN_STRICT_PROTOTYPES = YES;
				CLANG_WARN_SUSPICIOUS_MOVE = YES;
				CLANG_WARN_UNGUARDED_AVAILABILITY = YES_AGGRESSIVE;
				CLANG_WARN_UNREACHABLE_CODE = YES;
				CLANG_WARN__DUPLICATE_METHOD_MATCH = YES;
				COPY_PHASE_STRIP = NO;
				DEBUG_INFORMATION_FORMAT = dwarf;
				ENABLE_STRICT_OBJC_MSGSEND = YES;
				ENABLE_TESTABILITY = YES;
				ENABLE_USER_SCRIPT_SANDBOXING = YES;
				GCC_C_LANGUAGE_STANDARD = gnu17;
				GCC_DYNAMIC_NO_PIC = NO;
				GCC_NO_COMMON_BLOCKS = YES;
				GCC_OPTIMIZATION_LEVEL = 0;
				GCC_PREPROCESSOR_DEFINITIONS = (
					"DEBUG=1",
					"$(inherited)",
				);
				GCC_WARN_64_TO_32_BIT_CONVERSION = YES;
				GCC_WARN_ABOUT_RETURN_TYPE = YES_ERROR;
				GCC_WARN_UNDECLARED_SELECTOR = YES;
				GCC_WARN_UNINITIALIZED_AUTOS = YES_AGGRESSIVE;
				GCC_WARN_UNUSED_FUNCTION = YES;
				GCC_WARN_UNUSED_VARIABLE = YES;
				LOCALIZATION_PREFERS_STRING_CATALOGS = YES;
				MTL_ENABLE_DEBUG_INFO = INCLUDE_SOURCE;
				MTL_FAST_MATH = YES;
				ONLY_ACTIVE_ARCH = YES;
				SWIFT_ACTIVE_COMPILATION_CONDITIONS = "DEBUG $(inherited)";
				SWIFT_OPTIMIZATION_LEVEL = "-Onone";
			};
			name = Debug;
		};
		DC6415842BE5514E00582EFB /* Release */ = {
			isa = XCBuildConfiguration;
			buildSettings = {
				ALWAYS_SEARCH_USER_PATHS = NO;
				ASSETCATALOG_COMPILER_GENERATE_SWIFT_ASSET_SYMBOL_EXTENSIONS = YES;
				CLANG_ANALYZER_NONNULL = YES;
				CLANG_ANALYZER_NUMBER_OBJECT_CONVERSION = YES_AGGRESSIVE;
				CLANG_CXX_LANGUAGE_STANDARD = "gnu++20";
				CLANG_ENABLE_MODULES = YES;
				CLANG_ENABLE_OBJC_ARC = YES;
				CLANG_ENABLE_OBJC_WEAK = YES;
				CLANG_WARN_BLOCK_CAPTURE_AUTORELEASING = YES;
				CLANG_WARN_BOOL_CONVERSION = YES;
				CLANG_WARN_COMMA = YES;
				CLANG_WARN_CONSTANT_CONVERSION = YES;
				CLANG_WARN_DEPRECATED_OBJC_IMPLEMENTATIONS = YES;
				CLANG_WARN_DIRECT_OBJC_ISA_USAGE = YES_ERROR;
				CLANG_WARN_DOCUMENTATION_COMMENTS = YES;
				CLANG_WARN_EMPTY_BODY = YES;
				CLANG_WARN_ENUM_CONVERSION = YES;
				CLANG_WARN_INFINITE_RECURSION = YES;
				CLANG_WARN_INT_CONVERSION = YES;
				CLANG_WARN_NON_LITERAL_NULL_CONVERSION = YES;
				CLANG_WARN_OBJC_IMPLICIT_RETAIN_SELF = YES;
				CLANG_WARN_OBJC_LITERAL_CONVERSION = YES;
				CLANG_WARN_OBJC_ROOT_CLASS = YES_ERROR;
				CLANG_WARN_QUOTED_INCLUDE_IN_FRAMEWORK_HEADER = YES;
				CLANG_WARN_RANGE_LOOP_ANALYSIS = YES;
				CLANG_WARN_STRICT_PROTOTYPES = YES;
				CLANG_WARN_SUSPICIOUS_MOVE = YES;
				CLANG_WARN_UNGUARDED_AVAILABILITY = YES_AGGRESSIVE;
				CLANG_WARN_UNREACHABLE_CODE = YES;
				CLANG_WARN__DUPLICATE_METHOD_MATCH = YES;
				COPY_PHASE_STRIP = NO;
				DEBUG_INFORMATION_FORMAT = "dwarf-with-dsym";
				ENABLE_NS_ASSERTIONS = NO;
				ENABLE_STRICT_OBJC_MSGSEND = YES;
				ENABLE_USER_SCRIPT_SANDBOXING = YES;
				GCC_C_LANGUAGE_STANDARD = gnu17;
				GCC_NO_COMMON_BLOCKS = YES;
				GCC_WARN_64_TO_32_BIT_CONVERSION = YES;
				GCC_WARN_ABOUT_RETURN_TYPE = YES_ERROR;
				GCC_WARN_UNDECLARED_SELECTOR = YES;
				GCC_WARN_UNINITIALIZED_AUTOS = YES_AGGRESSIVE;
				GCC_WARN_UNUSED_FUNCTION = YES;
				GCC_WARN_UNUSED_VARIABLE = YES;
				LOCALIZATION_PREFERS_STRING_CATALOGS = YES;
				MTL_ENABLE_DEBUG_INFO = NO;
				MTL_FAST_MATH = YES;
				SWIFT_COMPILATION_MODE = wholemodule;
			};
			name = Release;
		};
		DC6415862BE5514E00582EFB /* Debug */ = {
			isa = XCBuildConfiguration;
			buildSettings = {
				ASSETCATALOG_COMPILER_APPICON_NAME = AppIcon;
				ASSETCATALOG_COMPILER_GLOBAL_ACCENT_COLOR_NAME = AccentColor;
				CODE_SIGN_ENTITLEMENTS = Emmet/Emmet.entitlements;
				CODE_SIGN_STYLE = Automatic;
				CURRENT_PROJECT_VERSION = 1;
				DEVELOPMENT_ASSET_PATHS = "\"Emmet/Preview Content\"";
				DEVELOPMENT_TEAM = 3LGLXWA468;
				ENABLE_HARDENED_RUNTIME = YES;
				ENABLE_PREVIEWS = YES;
				GENERATE_INFOPLIST_FILE = YES;
				INFOPLIST_FILE = Emmet/Info.plist;
				INFOPLIST_KEY_LSApplicationCategoryType = "public.app-category.travel";
				INFOPLIST_KEY_NSLocationWhenInUseUsageDescription = "Your location will be used for dynamic address searcing, phone calling and map services.";
				"INFOPLIST_KEY_UIApplicationSceneManifest_Generation[sdk=iphoneos*]" = YES;
				"INFOPLIST_KEY_UIApplicationSceneManifest_Generation[sdk=iphonesimulator*]" = YES;
				"INFOPLIST_KEY_UIApplicationSupportsIndirectInputEvents[sdk=iphoneos*]" = YES;
				"INFOPLIST_KEY_UIApplicationSupportsIndirectInputEvents[sdk=iphonesimulator*]" = YES;
				"INFOPLIST_KEY_UILaunchScreen_Generation[sdk=iphoneos*]" = YES;
				"INFOPLIST_KEY_UILaunchScreen_Generation[sdk=iphonesimulator*]" = YES;
				"INFOPLIST_KEY_UIStatusBarStyle[sdk=iphoneos*]" = UIStatusBarStyleDefault;
				"INFOPLIST_KEY_UIStatusBarStyle[sdk=iphonesimulator*]" = UIStatusBarStyleDefault;
				INFOPLIST_KEY_UISupportedInterfaceOrientations = UIInterfaceOrientationPortrait;
				INFOPLIST_KEY_UISupportedInterfaceOrientations_iPad = "UIInterfaceOrientationLandscapeLeft UIInterfaceOrientationLandscapeRight UIInterfaceOrientationPortrait UIInterfaceOrientationPortraitUpsideDown";
				INFOPLIST_KEY_UIUserInterfaceStyle = Light;
				IPHONEOS_DEPLOYMENT_TARGET = 17.0;
				LD_RUNPATH_SEARCH_PATHS = "@executable_path/Frameworks";
				"LD_RUNPATH_SEARCH_PATHS[sdk=macosx*]" = "@executable_path/../Frameworks";
				MACOSX_DEPLOYMENT_TARGET = 14.4;
				MARKETING_VERSION = 1.0;
				PRODUCT_BUNDLE_IDENTIFIER = dev.kylegraham.Emmet;
				PRODUCT_NAME = "$(TARGET_NAME)";
				SDKROOT = auto;
				SUPPORTED_PLATFORMS = "iphoneos iphonesimulator";
				SUPPORTS_MACCATALYST = NO;
				SWIFT_EMIT_LOC_STRINGS = YES;
				SWIFT_VERSION = 5.0;
				TARGETED_DEVICE_FAMILY = 1;
			};
			name = Debug;
		};
		DC6415872BE5514E00582EFB /* Release */ = {
			isa = XCBuildConfiguration;
			buildSettings = {
				ASSETCATALOG_COMPILER_APPICON_NAME = AppIcon;
				ASSETCATALOG_COMPILER_GLOBAL_ACCENT_COLOR_NAME = AccentColor;
				CODE_SIGN_ENTITLEMENTS = Emmet/Emmet.entitlements;
				CODE_SIGN_STYLE = Automatic;
				CURRENT_PROJECT_VERSION = 1;
				DEVELOPMENT_ASSET_PATHS = "\"Emmet/Preview Content\"";
				DEVELOPMENT_TEAM = 3LGLXWA468;
				ENABLE_HARDENED_RUNTIME = YES;
				ENABLE_PREVIEWS = YES;
				GENERATE_INFOPLIST_FILE = YES;
				INFOPLIST_FILE = Emmet/Info.plist;
				INFOPLIST_KEY_LSApplicationCategoryType = "public.app-category.travel";
				INFOPLIST_KEY_NSLocationWhenInUseUsageDescription = "Your location will be used for dynamic address searcing, phone calling and map services.";
				"INFOPLIST_KEY_UIApplicationSceneManifest_Generation[sdk=iphoneos*]" = YES;
				"INFOPLIST_KEY_UIApplicationSceneManifest_Generation[sdk=iphonesimulator*]" = YES;
				"INFOPLIST_KEY_UIApplicationSupportsIndirectInputEvents[sdk=iphoneos*]" = YES;
				"INFOPLIST_KEY_UIApplicationSupportsIndirectInputEvents[sdk=iphonesimulator*]" = YES;
				"INFOPLIST_KEY_UILaunchScreen_Generation[sdk=iphoneos*]" = YES;
				"INFOPLIST_KEY_UILaunchScreen_Generation[sdk=iphonesimulator*]" = YES;
				"INFOPLIST_KEY_UIStatusBarStyle[sdk=iphoneos*]" = UIStatusBarStyleDefault;
				"INFOPLIST_KEY_UIStatusBarStyle[sdk=iphonesimulator*]" = UIStatusBarStyleDefault;
				INFOPLIST_KEY_UISupportedInterfaceOrientations = UIInterfaceOrientationPortrait;
				INFOPLIST_KEY_UISupportedInterfaceOrientations_iPad = "UIInterfaceOrientationLandscapeLeft UIInterfaceOrientationLandscapeRight UIInterfaceOrientationPortrait UIInterfaceOrientationPortraitUpsideDown";
				INFOPLIST_KEY_UIUserInterfaceStyle = Light;
				IPHONEOS_DEPLOYMENT_TARGET = 17.0;
				LD_RUNPATH_SEARCH_PATHS = "@executable_path/Frameworks";
				"LD_RUNPATH_SEARCH_PATHS[sdk=macosx*]" = "@executable_path/../Frameworks";
				MACOSX_DEPLOYMENT_TARGET = 14.4;
				MARKETING_VERSION = 1.0;
				PRODUCT_BUNDLE_IDENTIFIER = dev.kylegraham.Emmet;
				PRODUCT_NAME = "$(TARGET_NAME)";
				SDKROOT = auto;
				SUPPORTED_PLATFORMS = "iphoneos iphonesimulator";
				SUPPORTS_MACCATALYST = NO;
				SWIFT_EMIT_LOC_STRINGS = YES;
				SWIFT_VERSION = 5.0;
				TARGETED_DEVICE_FAMILY = 1;
			};
			name = Release;
		};
/* End XCBuildConfiguration section */

/* Begin XCConfigurationList section */
		DC6415712BE5514C00582EFB /* Build configuration list for PBXProject "Emmet" */ = {
			isa = XCConfigurationList;
			buildConfigurations = (
				DC6415832BE5514E00582EFB /* Debug */,
				DC6415842BE5514E00582EFB /* Release */,
			);
			defaultConfigurationIsVisible = 0;
			defaultConfigurationName = Release;
		};
		DC6415852BE5514E00582EFB /* Build configuration list for PBXNativeTarget "Emmet" */ = {
			isa = XCConfigurationList;
			buildConfigurations = (
				DC6415862BE5514E00582EFB /* Debug */,
				DC6415872BE5514E00582EFB /* Release */,
			);
			defaultConfigurationIsVisible = 0;
			defaultConfigurationName = Release;
		};
/* End XCConfigurationList section */

/* Begin XCVersionGroup section */
		DC7F0A8F2BE56244006FE2ED /* Database.xcdatamodeld */ = {
			isa = XCVersionGroup;
			children = (
				DC7F0A902BE56244006FE2ED /* Database.xcdatamodel */,
			);
			currentVersion = DC7F0A902BE56244006FE2ED /* Database.xcdatamodel */;
			name = Database.xcdatamodeld;
			path = /Users/kylegraham/Downloads/Emmet/Emmet/Data/Database.xcdatamodeld;
			sourceTree = "<group>";
			versionGroupType = wrapper.xcdatamodel;
		};
/* End XCVersionGroup section */
	};
	rootObject = DC64156E2BE5514C00582EFB /* Project object */;
}
